version = 1
revision = 3
requires-python = ">=3.7"

[[package]]
name = "docutils"
version = "0.19"
source = { registry = "https://pypi.org/simple" }
sdist = { url = "https://files.pythonhosted.org/packages/6b/5c/330ea8d383eb2ce973df34d1239b3b21e91cd8c865d21ff82902d952f91f/docutils-0.19.tar.gz", hash = "sha256:33995a6753c30b7f577febfc2c50411fec6aac7f7ffeb7c4cfe5991072dcf9e6", size = 2056383, upload-time = "2022-07-05T20:17:31.045Z" }
wheels = [
    { url = "https://files.pythonhosted.org/packages/93/69/e391bd51bc08ed9141ecd899a0ddb61ab6465309f1eb470905c0c8868081/docutils-0.19-py3-none-any.whl", hash = "sha256:5e1de4d849fee02c63b040a4a3fd567f4ab104defd8a5511fbbc24a8a017efbc", size = 570472, upload-time = "2022-07-05T20:17:26.388Z" },
]

[[package]]
name = "rst2txtast"
version = "0.1.0"
source = { editable = "." }
dependencies = [
    { name = "docutils" },
]

[package.metadata]
requires-dist = [{ name = "docutils", specifier = ">=0.18,<0.20" }]
